// !$*UTF8*$!
{
	archiveVersion = 1;
	classes = {
	};
	objectVersion = 46;
	objects = {

/* Begin PBXBuildFile section */
		CF285DC11F0497F7003E33D4 /* main.m in Sources */ = {isa = PBXBuildFile; fileRef = CF285DC01F0497F7003E33D4 /* main.m */; };
		CF285DC41F0497F7003E33D4 /* AppDelegate.m in Sources */ = {isa = PBXBuildFile; fileRef = CF285DC31F0497F7003E33D4 /* AppDelegate.m */; };
		CF285DCA1F0497F7003E33D4 /* Main.storyboard in Resources */ = {isa = PBXBuildFile; fileRef = CF285DC81F0497F7003E33D4 /* Main.storyboard */; };
		CF285DCC1F0497F7003E33D4 /* Assets.xcassets in Resources */ = {isa = PBXBuildFile; fileRef = CF285DCB1F0497F7003E33D4 /* Assets.xcassets */; };
		CF285DCF1F0497F7003E33D4 /* LaunchScreen.storyboard in Resources */ = {isa = PBXBuildFile; fileRef = CF285DCD1F0497F7003E33D4 /* LaunchScreen.storyboard */; };
		CFCA12E6215A1C7900550EA3 /* opencv2.framework in Frameworks */ = {isa = PBXBuildFile; fileRef = CFCA12E5215A1C7900550EA3 /* opencv2.framework */; };
		CFCA132E215A36BD00550EA3 /* hist.png in Resources */ = {isa = PBXBuildFile; fileRef = CFCA12F1215A36BC00550EA3 /* hist.png */; };
		CFCA132F215A36BD00550EA3 /* U9FML.jpg in Resources */ = {isa = PBXBuildFile; fileRef = CFCA12F2215A36BC00550EA3 /* U9FML.jpg */; };
		CFCA1330215A36BD00550EA3 /* rotate.JPG in Resources */ = {isa = PBXBuildFile; fileRef = CFCA12F3215A36BC00550EA3 /* rotate.JPG */; };
		CFCA1331215A36BD00550EA3 /* girl.jpg in Resources */ = {isa = PBXBuildFile; fileRef = CFCA12F4215A36BC00550EA3 /* girl.jpg */; };
		CFCA1332215A36BD00550EA3 /* elo.JPG in Resources */ = {isa = PBXBuildFile; fileRef = CFCA12F5215A36BC00550EA3 /* elo.JPG */; };
		CFCA1333215A36BD00550EA3 /* test3.png in Resources */ = {isa = PBXBuildFile; fileRef = CFCA12F6215A36BC00550EA3 /* test3.png */; };
		CFCA1334215A36BD00550EA3 /* hist1.png in Resources */ = {isa = PBXBuildFile; fileRef = CFCA12F7215A36BC00550EA3 /* hist1.png */; };
		CFCA1335215A36BD00550EA3 /* rotate0.png in Resources */ = {isa = PBXBuildFile; fileRef = CFCA12F8215A36BC00550EA3 /* rotate0.png */; };
		CFCA1336215A36BD00550EA3 /* test1.jpeg in Resources */ = {isa = PBXBuildFile; fileRef = CFCA12F9215A36BC00550EA3 /* test1.jpeg */; };
		CFCA1337215A36BD00550EA3 /* test2.png in Resources */ = {isa = PBXBuildFile; fileRef = CFCA12FA215A36BC00550EA3 /* test2.png */; };
		CFCA1338215A36BD00550EA3 /* passport.jpg in Resources */ = {isa = PBXBuildFile; fileRef = CFCA12FB215A36BC00550EA3 /* passport.jpg */; };
		CFCA1339215A36BD00550EA3 /* test.png in Resources */ = {isa = PBXBuildFile; fileRef = CFCA12FC215A36BC00550EA3 /* test.png */; };
		CFCA133A215A36BD00550EA3 /* profile.jpeg in Resources */ = {isa = PBXBuildFile; fileRef = CFCA12FD215A36BC00550EA3 /* profile.jpeg */; };
		CFCA133B215A36BD00550EA3 /* verticalImg.png in Resources */ = {isa = PBXBuildFile; fileRef = CFCA12FE215A36BC00550EA3 /* verticalImg.png */; };
		CFCA133C215A36BD00550EA3 /* my.png in Resources */ = {isa = PBXBuildFile; fileRef = CFCA12FF215A36BC00550EA3 /* my.png */; };
		CFCA133D215A36BD00550EA3 /* m8.jpg in Resources */ = {isa = PBXBuildFile; fileRef = CFCA1300215A36BC00550EA3 /* m8.jpg */; };
		CFCA133E215A36BD00550EA3 /* text.JPG in Resources */ = {isa = PBXBuildFile; fileRef = CFCA1301215A36BC00550EA3 /* text.JPG */; };
		CFCA133F215A36BD00550EA3 /* TDZoomingScrollView.m in Sources */ = {isa = PBXBuildFile; fileRef = CFCA1308215A36BC00550EA3 /* TDZoomingScrollView.m */; };
		CFCA1340215A36BD00550EA3 /* MWTapDetectingImageView.m in Sources */ = {isa = PBXBuildFile; fileRef = CFCA1309215A36BC00550EA3 /* MWTapDetectingImageView.m */; };
		CFCA1341215A36BD00550EA3 /* MWTapDetectingView.m in Sources */ = {isa = PBXBuildFile; fileRef = CFCA130A215A36BC00550EA3 /* MWTapDetectingView.m */; };
		CFCA1342215A36BD00550EA3 /* EditorImagePreviewController.m in Sources */ = {isa = PBXBuildFile; fileRef = CFCA130B215A36BC00550EA3 /* EditorImagePreviewController.m */; };
		CFCA1343215A36BD00550EA3 /* UIView+Constriant.m in Sources */ = {isa = PBXBuildFile; fileRef = CFCA130D215A36BC00550EA3 /* UIView+Constriant.m */; };
		CFCA1344215A36BD00550EA3 /* UIImage+OpenCV.mm in Sources */ = {isa = PBXBuildFile; fileRef = CFCA1313215A36BC00550EA3 /* UIImage+OpenCV.mm */; };
		CFCA1345215A36BD00550EA3 /* UIImage+Utils.m in Sources */ = {isa = PBXBuildFile; fileRef = CFCA1314215A36BC00550EA3 /* UIImage+Utils.m */; };
		CFCA1346215A36BD00550EA3 /* UIImage+OpenCVUtils.mm in Sources */ = {isa = PBXBuildFile; fileRef = CFCA1315215A36BC00550EA3 /* UIImage+OpenCVUtils.mm */; };
		CFCA1347215A36BD00550EA3 /* OpenCVUtils.mm in Sources */ = {isa = PBXBuildFile; fileRef = CFCA1316215A36BC00550EA3 /* OpenCVUtils.mm */; };
		CFCA1348215A36BD00550EA3 /* FindCountoursViewController.m in Sources */ = {isa = PBXBuildFile; fileRef = CFCA1318215A36BC00550EA3 /* FindCountoursViewController.m */; };
		CFCA1349215A36BD00550EA3 /* SobelOperatorViewController.m in Sources */ = {isa = PBXBuildFile; fileRef = CFCA131D215A36BC00550EA3 /* SobelOperatorViewController.m */; };
		CFCA134A215A36BD00550EA3 /* ScaleViewController.m in Sources */ = {isa = PBXBuildFile; fileRef = CFCA1320215A36BC00550EA3 /* ScaleViewController.m */; };
		CFCA134B215A36BD00550EA3 /* DrawViewController.m in Sources */ = {isa = PBXBuildFile; fileRef = CFCA1322215A36BC00550EA3 /* DrawViewController.m */; };
		CFCA134C215A36BD00550EA3 /* Learn1_1ViewController.m in Sources */ = {isa = PBXBuildFile; fileRef = CFCA1324215A36BC00550EA3 /* Learn1_1ViewController.m */; };
		CFCA134D215A36BD00550EA3 /* BorderDetectionViewController.m in Sources */ = {isa = PBXBuildFile; fileRef = CFCA1325215A36BC00550EA3 /* BorderDetectionViewController.m */; };
		CFCA134E215A36BD00550EA3 /* FixRotationViewController.m in Sources */ = {isa = PBXBuildFile; fileRef = CFCA1326215A36BC00550EA3 /* FixRotationViewController.m */; };
		CFCA134F215A36BD00550EA3 /* EdgeViewController.m in Sources */ = {isa = PBXBuildFile; fileRef = CFCA1328215A36BC00550EA3 /* EdgeViewController.m */; };
		CFCA1350215A36BD00550EA3 /* HistogramViewController.m in Sources */ = {isa = PBXBuildFile; fileRef = CFCA1329215A36BC00550EA3 /* HistogramViewController.m */; };
		CFCA1351215A36BD00550EA3 /* RecognizeViewController.m in Sources */ = {isa = PBXBuildFile; fileRef = CFCA132B215A36BC00550EA3 /* RecognizeViewController.m */; };
		CFCA1352215A36BD00550EA3 /* ThreshViewController.m in Sources */ = {isa = PBXBuildFile; fileRef = CFCA132C215A36BC00550EA3 /* ThreshViewController.m */; };
/* End PBXBuildFile section */

/* Begin PBXFileReference section */
		CF285DBC1F0497F7003E33D4 /* OpenCV_iOS_Demo.app */ = {isa = PBXFileReference; explicitFileType = wrapper.application; includeInIndex = 0; path = OpenCV_iOS_Demo.app; sourceTree = BUILT_PRODUCTS_DIR; };
		CF285DC01F0497F7003E33D4 /* main.m */ = {isa = PBXFileReference; lastKnownFileType = sourcecode.c.objc; path = main.m; sourceTree = "<group>"; };
		CF285DC21F0497F7003E33D4 /* AppDelegate.h */ = {isa = PBXFileReference; lastKnownFileType = sourcecode.c.h; path = AppDelegate.h; sourceTree = "<group>"; };
		CF285DC31F0497F7003E33D4 /* AppDelegate.m */ = {isa = PBXFileReference; lastKnownFileType = sourcecode.c.objc; path = AppDelegate.m; sourceTree = "<group>"; };
		CF285DC91F0497F7003E33D4 /* Base */ = {isa = PBXFileReference; lastKnownFileType = file.storyboard; name = Base; path = Base.lproj/Main.storyboard; sourceTree = "<group>"; };
		CF285DCB1F0497F7003E33D4 /* Assets.xcassets */ = {isa = PBXFileReference; lastKnownFileType = folder.assetcatalog; path = Assets.xcassets; sourceTree = "<group>"; };
		CF285DCE1F0497F7003E33D4 /* Base */ = {isa = PBXFileReference; lastKnownFileType = file.storyboard; name = Base; path = Base.lproj/LaunchScreen.storyboard; sourceTree = "<group>"; };
		CF285DD01F0497F7003E33D4 /* Info.plist */ = {isa = PBXFileReference; lastKnownFileType = text.plist.xml; path = Info.plist; sourceTree = "<group>"; };
		CFCA12E5215A1C7900550EA3 /* opencv2.framework */ = {isa = PBXFileReference; lastKnownFileType = wrapper.framework; path = opencv2.framework; sourceTree = "<group>"; };
		CFCA12F1215A36BC00550EA3 /* hist.png */ = {isa = PBXFileReference; lastKnownFileType = image.png; path = hist.png; sourceTree = "<group>"; };
		CFCA12F2215A36BC00550EA3 /* U9FML.jpg */ = {isa = PBXFileReference; lastKnownFileType = image.jpeg; path = U9FML.jpg; sourceTree = "<group>"; };
		CFCA12F3215A36BC00550EA3 /* rotate.JPG */ = {isa = PBXFileReference; lastKnownFileType = image.jpeg; path = rotate.JPG; sourceTree = "<group>"; };
		CFCA12F4215A36BC00550EA3 /* girl.jpg */ = {isa = PBXFileReference; lastKnownFileType = image.jpeg; path = girl.jpg; sourceTree = "<group>"; };
		CFCA12F5215A36BC00550EA3 /* elo.JPG */ = {isa = PBXFileReference; lastKnownFileType = image.jpeg; path = elo.JPG; sourceTree = "<group>"; };
		CFCA12F6215A36BC00550EA3 /* test3.png */ = {isa = PBXFileReference; lastKnownFileType = image.png; path = test3.png; sourceTree = "<group>"; };
		CFCA12F7215A36BC00550EA3 /* hist1.png */ = {isa = PBXFileReference; lastKnownFileType = image.png; path = hist1.png; sourceTree = "<group>"; };
		CFCA12F8215A36BC00550EA3 /* rotate0.png */ = {isa = PBXFileReference; lastKnownFileType = image.png; path = rotate0.png; sourceTree = "<group>"; };
		CFCA12F9215A36BC00550EA3 /* test1.jpeg */ = {isa = PBXFileReference; lastKnownFileType = image.jpeg; path = test1.jpeg; sourceTree = "<group>"; };
		CFCA12FA215A36BC00550EA3 /* test2.png */ = {isa = PBXFileReference; lastKnownFileType = image.png; path = test2.png; sourceTree = "<group>"; };
		CFCA12FB215A36BC00550EA3 /* passport.jpg */ = {isa = PBXFileReference; lastKnownFileType = image.jpeg; path = passport.jpg; sourceTree = "<group>"; };
		CFCA12FC215A36BC00550EA3 /* test.png */ = {isa = PBXFileReference; lastKnownFileType = image.png; path = test.png; sourceTree = "<group>"; };
		CFCA12FD215A36BC00550EA3 /* profile.jpeg */ = {isa = PBXFileReference; lastKnownFileType = image.jpeg; path = profile.jpeg; sourceTree = "<group>"; };
		CFCA12FE215A36BC00550EA3 /* verticalImg.png */ = {isa = PBXFileReference; lastKnownFileType = image.png; path = verticalImg.png; sourceTree = "<group>"; };
		CFCA12FF215A36BC00550EA3 /* my.png */ = {isa = PBXFileReference; lastKnownFileType = image.png; path = my.png; sourceTree = "<group>"; };
		CFCA1300215A36BC00550EA3 /* m8.jpg */ = {isa = PBXFileReference; lastKnownFileType = image.jpeg; path = m8.jpg; sourceTree = "<group>"; };
		CFCA1301215A36BC00550EA3 /* text.JPG */ = {isa = PBXFileReference; lastKnownFileType = image.jpeg; path = text.JPG; sourceTree = "<group>"; };
		CFCA1303215A36BC00550EA3 /* EditorImagePreviewController.h */ = {isa = PBXFileReference; fileEncoding = 4; lastKnownFileType = sourcecode.c.h; path = EditorImagePreviewController.h; sourceTree = "<group>"; };
		CFCA1305215A36BC00550EA3 /* MWTapDetectingImageView.h */ = {isa = PBXFileReference; fileEncoding = 4; lastKnownFileType = sourcecode.c.h; path = MWTapDetectingImageView.h; sourceTree = "<group>"; };
		CFCA1306215A36BC00550EA3 /* TDZoomingScrollView.h */ = {isa = PBXFileReference; fileEncoding = 4; lastKnownFileType = sourcecode.c.h; path = TDZoomingScrollView.h; sourceTree = "<group>"; };
		CFCA1307215A36BC00550EA3 /* MWTapDetectingView.h */ = {isa = PBXFileReference; fileEncoding = 4; lastKnownFileType = sourcecode.c.h; path = MWTapDetectingView.h; sourceTree = "<group>"; };
		CFCA1308215A36BC00550EA3 /* TDZoomingScrollView.m */ = {isa = PBXFileReference; fileEncoding = 4; lastKnownFileType = sourcecode.c.objc; path = TDZoomingScrollView.m; sourceTree = "<group>"; };
		CFCA1309215A36BC00550EA3 /* MWTapDetectingImageView.m */ = {isa = PBXFileReference; fileEncoding = 4; lastKnownFileType = sourcecode.c.objc; path = MWTapDetectingImageView.m; sourceTree = "<group>"; };
		CFCA130A215A36BC00550EA3 /* MWTapDetectingView.m */ = {isa = PBXFileReference; fileEncoding = 4; lastKnownFileType = sourcecode.c.objc; path = MWTapDetectingView.m; sourceTree = "<group>"; };
		CFCA130B215A36BC00550EA3 /* EditorImagePreviewController.m */ = {isa = PBXFileReference; fileEncoding = 4; lastKnownFileType = sourcecode.c.objc; path = EditorImagePreviewController.m; sourceTree = "<group>"; };
		CFCA130D215A36BC00550EA3 /* UIView+Constriant.m */ = {isa = PBXFileReference; fileEncoding = 4; lastKnownFileType = sourcecode.c.objc; path = "UIView+Constriant.m"; sourceTree = "<group>"; };
		CFCA130E215A36BC00550EA3 /* UIImage+Utils.h */ = {isa = PBXFileReference; fileEncoding = 4; lastKnownFileType = sourcecode.c.h; path = "UIImage+Utils.h"; sourceTree = "<group>"; };
		CFCA130F215A36BC00550EA3 /* OpenCVUtils.h */ = {isa = PBXFileReference; fileEncoding = 4; lastKnownFileType = sourcecode.c.h; path = OpenCVUtils.h; sourceTree = "<group>"; };
		CFCA1310215A36BC00550EA3 /* UIImage+OpenCV.h */ = {isa = PBXFileReference; fileEncoding = 4; lastKnownFileType = sourcecode.c.h; path = "UIImage+OpenCV.h"; sourceTree = "<group>"; };
		CFCA1311215A36BC00550EA3 /* UIView+Constriant.h */ = {isa = PBXFileReference; fileEncoding = 4; lastKnownFileType = sourcecode.c.h; path = "UIView+Constriant.h"; sourceTree = "<group>"; };
		CFCA1312215A36BC00550EA3 /* UIImage+OpenCVUtils.h */ = {isa = PBXFileReference; fileEncoding = 4; lastKnownFileType = sourcecode.c.h; path = "UIImage+OpenCVUtils.h"; sourceTree = "<group>"; };
		CFCA1313215A36BC00550EA3 /* UIImage+OpenCV.mm */ = {isa = PBXFileReference; fileEncoding = 4; lastKnownFileType = sourcecode.cpp.objcpp; path = "UIImage+OpenCV.mm"; sourceTree = "<group>"; };
		CFCA1314215A36BC00550EA3 /* UIImage+Utils.m */ = {isa = PBXFileReference; fileEncoding = 4; lastKnownFileType = sourcecode.c.objc; path = "UIImage+Utils.m"; sourceTree = "<group>"; };
		CFCA1315215A36BC00550EA3 /* UIImage+OpenCVUtils.mm */ = {isa = PBXFileReference; fileEncoding = 4; lastKnownFileType = sourcecode.cpp.objcpp; path = "UIImage+OpenCVUtils.mm"; sourceTree = "<group>"; };
		CFCA1316215A36BC00550EA3 /* OpenCVUtils.mm */ = {isa = PBXFileReference; fileEncoding = 4; lastKnownFileType = sourcecode.cpp.objcpp; path = OpenCVUtils.mm; sourceTree = "<group>"; };
		CFCA1318215A36BC00550EA3 /* FindCountoursViewController.m */ = {isa = PBXFileReference; explicitFileType = sourcecode.cpp.objcpp; fileEncoding = 4; path = FindCountoursViewController.m; sourceTree = "<group>"; };
		CFCA1319215A36BC00550EA3 /* BorderDetectionViewController.h */ = {isa = PBXFileReference; fileEncoding = 4; lastKnownFileType = sourcecode.c.h; path = BorderDetectionViewController.h; sourceTree = "<group>"; };
		CFCA131A215A36BC00550EA3 /* Learn1_1ViewController.h */ = {isa = PBXFileReference; fileEncoding = 4; lastKnownFileType = sourcecode.c.h; path = Learn1_1ViewController.h; sourceTree = "<group>"; };
		CFCA131B215A36BC00550EA3 /* ThreshViewController.h */ = {isa = PBXFileReference; fileEncoding = 4; lastKnownFileType = sourcecode.c.h; path = ThreshViewController.h; sourceTree = "<group>"; };
		CFCA131C215A36BC00550EA3 /* RecognizeViewController.h */ = {isa = PBXFileReference; fileEncoding = 4; lastKnownFileType = sourcecode.c.h; path = RecognizeViewController.h; sourceTree = "<group>"; };
		CFCA131D215A36BC00550EA3 /* SobelOperatorViewController.m */ = {isa = PBXFileReference; explicitFileType = sourcecode.cpp.objcpp; fileEncoding = 4; path = SobelOperatorViewController.m; sourceTree = "<group>"; };
		CFCA131E215A36BC00550EA3 /* HistogramViewController.h */ = {isa = PBXFileReference; fileEncoding = 4; lastKnownFileType = sourcecode.c.h; path = HistogramViewController.h; sourceTree = "<group>"; };
		CFCA131F215A36BC00550EA3 /* EdgeViewController.h */ = {isa = PBXFileReference; fileEncoding = 4; lastKnownFileType = sourcecode.c.h; path = EdgeViewController.h; sourceTree = "<group>"; };
		CFCA1320215A36BC00550EA3 /* ScaleViewController.m */ = {isa = PBXFileReference; explicitFileType = sourcecode.cpp.objcpp; fileEncoding = 4; path = ScaleViewController.m; sourceTree = "<group>"; };
		CFCA1321215A36BC00550EA3 /* FixRotationViewController.h */ = {isa = PBXFileReference; fileEncoding = 4; lastKnownFileType = sourcecode.c.h; path = FixRotationViewController.h; sourceTree = "<group>"; };
		CFCA1322215A36BC00550EA3 /* DrawViewController.m */ = {isa = PBXFileReference; explicitFileType = sourcecode.cpp.objcpp; fileEncoding = 4; path = DrawViewController.m; sourceTree = "<group>"; };
		CFCA1323215A36BC00550EA3 /* FindCountoursViewController.h */ = {isa = PBXFileReference; fileEncoding = 4; lastKnownFileType = sourcecode.c.h; path = FindCountoursViewController.h; sourceTree = "<group>"; };
		CFCA1324215A36BC00550EA3 /* Learn1_1ViewController.m */ = {isa = PBXFileReference; explicitFileType = sourcecode.cpp.objcpp; fileEncoding = 4; path = Learn1_1ViewController.m; sourceTree = "<group>"; };
		CFCA1325215A36BC00550EA3 /* BorderDetectionViewController.m */ = {isa = PBXFileReference; explicitFileType = sourcecode.cpp.objcpp; fileEncoding = 4; path = BorderDetectionViewController.m; sourceTree = "<group>"; };
		CFCA1326215A36BC00550EA3 /* FixRotationViewController.m */ = {isa = PBXFileReference; explicitFileType = sourcecode.cpp.objcpp; fileEncoding = 4; path = FixRotationViewController.m; sourceTree = "<group>"; };
		CFCA1327215A36BC00550EA3 /* ScaleViewController.h */ = {isa = PBXFileReference; fileEncoding = 4; lastKnownFileType = sourcecode.c.h; path = ScaleViewController.h; sourceTree = "<group>"; };
		CFCA1328215A36BC00550EA3 /* EdgeViewController.m */ = {isa = PBXFileReference; explicitFileType = sourcecode.cpp.objcpp; fileEncoding = 4; path = EdgeViewController.m; sourceTree = "<group>"; };
		CFCA1329215A36BC00550EA3 /* HistogramViewController.m */ = {isa = PBXFileReference; explicitFileType = sourcecode.cpp.objcpp; fileEncoding = 4; path = HistogramViewController.m; sourceTree = "<group>"; };
		CFCA132A215A36BC00550EA3 /* SobelOperatorViewController.h */ = {isa = PBXFileReference; fileEncoding = 4; lastKnownFileType = sourcecode.c.h; path = SobelOperatorViewController.h; sourceTree = "<group>"; };
		CFCA132B215A36BC00550EA3 /* RecognizeViewController.m */ = {isa = PBXFileReference; explicitFileType = sourcecode.cpp.objcpp; fileEncoding = 4; path = RecognizeViewController.m; sourceTree = "<group>"; };
		CFCA132C215A36BC00550EA3 /* ThreshViewController.m */ = {isa = PBXFileReference; explicitFileType = sourcecode.cpp.objcpp; fileEncoding = 4; path = ThreshViewController.m; sourceTree = "<group>"; };
		CFCA132D215A36BC00550EA3 /* DrawViewController.h */ = {isa = PBXFileReference; fileEncoding = 4; lastKnownFileType = sourcecode.c.h; path = DrawViewController.h; sourceTree = "<group>"; };
/* End PBXFileReference section */

/* Begin PBXFrameworksBuildPhase section */
		CF285DB91F0497F7003E33D4 /* Frameworks */ = {
			isa = PBXFrameworksBuildPhase;
			buildActionMask = 2147483647;
			files = (
				CFCA12E6215A1C7900550EA3 /* opencv2.framework in Frameworks */,
			);
			runOnlyForDeploymentPostprocessing = 0;
		};
/* End PBXFrameworksBuildPhase section */

/* Begin PBXGroup section */
		CF285DB31F0497F7003E33D4 = {
			isa = PBXGroup;
			children = (
				CF285DBE1F0497F7003E33D4 /* OpenCV_iOS_Demo */,
				CF285DBD1F0497F7003E33D4 /* Products */,
				CF3BBD482150A167002362CA /* Frameworks */,
			);
			sourceTree = "<group>";
		};
		CF285DBD1F0497F7003E33D4 /* Products */ = {
			isa = PBXGroup;
			children = (
				CF285DBC1F0497F7003E33D4 /* OpenCV_iOS_Demo.app */,
			);
			name = Products;
			sourceTree = "<group>";
		};
		CF285DBE1F0497F7003E33D4 /* OpenCV_iOS_Demo */ = {
			isa = PBXGroup;
			children = (
				CFCA12F0215A36BC00550EA3 /* assets */,
				CFCA1317215A36BC00550EA3 /* Controllers */,
				CFCA1302215A36BC00550EA3 /* utils */,
				CFCA12E5215A1C7900550EA3 /* opencv2.framework */,
				CF285DC21F0497F7003E33D4 /* AppDelegate.h */,
				CF285DC31F0497F7003E33D4 /* AppDelegate.m */,
				CF285DC81F0497F7003E33D4 /* Main.storyboard */,
				CF285DCB1F0497F7003E33D4 /* Assets.xcassets */,
				CF285DCD1F0497F7003E33D4 /* LaunchScreen.storyboard */,
				CF285DD01F0497F7003E33D4 /* Info.plist */,
				CF285DBF1F0497F7003E33D4 /* Supporting Files */,
			);
			path = OpenCV_iOS_Demo;
			sourceTree = "<group>";
		};
		CF285DBF1F0497F7003E33D4 /* Supporting Files */ = {
			isa = PBXGroup;
			children = (
				CF285DC01F0497F7003E33D4 /* main.m */,
			);
			name = "Supporting Files";
			sourceTree = "<group>";
		};
		CF3BBD482150A167002362CA /* Frameworks */ = {
			isa = PBXGroup;
			children = (
			);
			name = Frameworks;
			sourceTree = "<group>";
		};
		CFCA12F0215A36BC00550EA3 /* assets */ = {
			isa = PBXGroup;
			children = (
				CFCA12F5215A36BC00550EA3 /* elo.JPG */,
				CFCA12F4215A36BC00550EA3 /* girl.jpg */,
				CFCA12F1215A36BC00550EA3 /* hist.png */,
				CFCA12F7215A36BC00550EA3 /* hist1.png */,
				CFCA1300215A36BC00550EA3 /* m8.jpg */,
				CFCA12FF215A36BC00550EA3 /* my.png */,
				CFCA12FB215A36BC00550EA3 /* passport.jpg */,
				CFCA12FD215A36BC00550EA3 /* profile.jpeg */,
				CFCA12F3215A36BC00550EA3 /* rotate.JPG */,
				CFCA12F8215A36BC00550EA3 /* rotate0.png */,
				CFCA12FC215A36BC00550EA3 /* test.png */,
				CFCA12F9215A36BC00550EA3 /* test1.jpeg */,
				CFCA12FA215A36BC00550EA3 /* test2.png */,
				CFCA12F6215A36BC00550EA3 /* test3.png */,
				CFCA1301215A36BC00550EA3 /* text.JPG */,
				CFCA12F2215A36BC00550EA3 /* U9FML.jpg */,
				CFCA12FE215A36BC00550EA3 /* verticalImg.png */,
			);
			path = assets;
			sourceTree = "<group>";
		};
		CFCA1302215A36BC00550EA3 /* utils */ = {
			isa = PBXGroup;
			children = (
				CFCA130C215A36BC00550EA3 /* cv */,
				CFCA1303215A36BC00550EA3 /* EditorImagePreviewController.h */,
				CFCA130B215A36BC00550EA3 /* EditorImagePreviewController.m */,
				CFCA1304215A36BC00550EA3 /* ImageViewer */,
			);
			path = utils;
			sourceTree = "<group>";
		};
		CFCA1304215A36BC00550EA3 /* ImageViewer */ = {
			isa = PBXGroup;
			children = (
				CFCA1305215A36BC00550EA3 /* MWTapDetectingImageView.h */,
				CFCA1306215A36BC00550EA3 /* TDZoomingScrollView.h */,
				CFCA1307215A36BC00550EA3 /* MWTapDetectingView.h */,
				CFCA1308215A36BC00550EA3 /* TDZoomingScrollView.m */,
				CFCA1309215A36BC00550EA3 /* MWTapDetectingImageView.m */,
				CFCA130A215A36BC00550EA3 /* MWTapDetectingView.m */,
			);
			path = ImageViewer;
			sourceTree = "<group>";
		};
		CFCA130C215A36BC00550EA3 /* cv */ = {
			isa = PBXGroup;
			children = (
				CFCA130F215A36BC00550EA3 /* OpenCVUtils.h */,
				CFCA1316215A36BC00550EA3 /* OpenCVUtils.mm */,
				CFCA1310215A36BC00550EA3 /* UIImage+OpenCV.h */,
				CFCA1313215A36BC00550EA3 /* UIImage+OpenCV.mm */,
				CFCA1312215A36BC00550EA3 /* UIImage+OpenCVUtils.h */,
				CFCA1315215A36BC00550EA3 /* UIImage+OpenCVUtils.mm */,
				CFCA130E215A36BC00550EA3 /* UIImage+Utils.h */,
				CFCA1314215A36BC00550EA3 /* UIImage+Utils.m */,
				CFCA1311215A36BC00550EA3 /* UIView+Constriant.h */,
				CFCA130D215A36BC00550EA3 /* UIView+Constriant.m */,
			);
			path = cv;
			sourceTree = "<group>";
		};
		CFCA1317215A36BC00550EA3 /* Controllers */ = {
			isa = PBXGroup;
			children = (
				CFCA1319215A36BC00550EA3 /* BorderDetectionViewController.h */,
				CFCA1325215A36BC00550EA3 /* BorderDetectionViewController.m */,
				CFCA132D215A36BC00550EA3 /* DrawViewController.h */,
				CFCA1322215A36BC00550EA3 /* DrawViewController.m */,
				CFCA131F215A36BC00550EA3 /* EdgeViewController.h */,
				CFCA1328215A36BC00550EA3 /* EdgeViewController.m */,
				CFCA1323215A36BC00550EA3 /* FindCountoursViewController.h */,
				CFCA1318215A36BC00550EA3 /* FindCountoursViewController.m */,
				CFCA1321215A36BC00550EA3 /* FixRotationViewController.h */,
				CFCA1326215A36BC00550EA3 /* FixRotationViewController.m */,
				CFCA131E215A36BC00550EA3 /* HistogramViewController.h */,
				CFCA1329215A36BC00550EA3 /* HistogramViewController.m */,
				CFCA131A215A36BC00550EA3 /* Learn1_1ViewController.h */,
				CFCA1324215A36BC00550EA3 /* Learn1_1ViewController.m */,
				CFCA131C215A36BC00550EA3 /* RecognizeViewController.h */,
				CFCA132B215A36BC00550EA3 /* RecognizeViewController.m */,
				CFCA1327215A36BC00550EA3 /* ScaleViewController.h */,
				CFCA1320215A36BC00550EA3 /* ScaleViewController.m */,
				CFCA132A215A36BC00550EA3 /* SobelOperatorViewController.h */,
				CFCA131D215A36BC00550EA3 /* SobelOperatorViewController.m */,
				CFCA131B215A36BC00550EA3 /* ThreshViewController.h */,
				CFCA132C215A36BC00550EA3 /* ThreshViewController.m */,
			);
			path = Controllers;
			sourceTree = "<group>";
		};
/* End PBXGroup section */

/* Begin PBXNativeTarget section */
		CF285DBB1F0497F7003E33D4 /* OpenCV_iOS_Demo */ = {
			isa = PBXNativeTarget;
			buildConfigurationList = CF285DE91F0497F7003E33D4 /* Build configuration list for PBXNativeTarget "OpenCV_iOS_Demo" */;
			buildPhases = (
				CF285DB81F0497F7003E33D4 /* Sources */,
				CF285DB91F0497F7003E33D4 /* Frameworks */,
				CF285DBA1F0497F7003E33D4 /* Resources */,
			);
			buildRules = (
			);
			dependencies = (
			);
			name = OpenCV_iOS_Demo;
			productName = OpenCV_iOS_Demo;
			productReference = CF285DBC1F0497F7003E33D4 /* OpenCV_iOS_Demo.app */;
			productType = "com.apple.product-type.application";
		};
/* End PBXNativeTarget section */

/* Begin PBXProject section */
		CF285DB41F0497F7003E33D4 /* Project object */ = {
			isa = PBXProject;
			attributes = {
				LastUpgradeCheck = 1000;
				ORGANIZATIONNAME = tomfriwel;
				TargetAttributes = {
					CF285DBB1F0497F7003E33D4 = {
						CreatedOnToolsVersion = 8.3.2;
						DevelopmentTeam = T5EW9858SB;
						ProvisioningStyle = Automatic;
					};
				};
			};
			buildConfigurationList = CF285DB71F0497F7003E33D4 /* Build configuration list for PBXProject "OpenCV_iOS_Demo" */;
			compatibilityVersion = "Xcode 3.2";
			developmentRegion = English;
			hasScannedForEncodings = 0;
			knownRegions = (
				en,
				Base,
			);
			mainGroup = CF285DB31F0497F7003E33D4;
			productRefGroup = CF285DBD1F0497F7003E33D4 /* Products */;
			projectDirPath = "";
			projectRoot = "";
			targets = (
				CF285DBB1F0497F7003E33D4 /* OpenCV_iOS_Demo */,
			);
		};
/* End PBXProject section */

/* Begin PBXResourcesBuildPhase section */
		CF285DBA1F0497F7003E33D4 /* Resources */ = {
			isa = PBXResourcesBuildPhase;
			buildActionMask = 2147483647;
			files = (
				CFCA1330215A36BD00550EA3 /* rotate.JPG in Resources */,
				CFCA133C215A36BD00550EA3 /* my.png in Resources */,
				CFCA133A215A36BD00550EA3 /* profile.jpeg in Resources */,
				CFCA1334215A36BD00550EA3 /* hist1.png in Resources */,
				CF285DCF1F0497F7003E33D4 /* LaunchScreen.storyboard in Resources */,
				CFCA1338215A36BD00550EA3 /* passport.jpg in Resources */,
				CF285DCC1F0497F7003E33D4 /* Assets.xcassets in Resources */,
				CFCA1331215A36BD00550EA3 /* girl.jpg in Resources */,
				CFCA133E215A36BD00550EA3 /* text.JPG in Resources */,
				CF285DCA1F0497F7003E33D4 /* Main.storyboard in Resources */,
				CFCA132E215A36BD00550EA3 /* hist.png in Resources */,
				CFCA1335215A36BD00550EA3 /* rotate0.png in Resources */,
				CFCA1332215A36BD00550EA3 /* elo.JPG in Resources */,
				CFCA132F215A36BD00550EA3 /* U9FML.jpg in Resources */,
				CFCA133D215A36BD00550EA3 /* m8.jpg in Resources */,
				CFCA1339215A36BD00550EA3 /* test.png in Resources */,
				CFCA1333215A36BD00550EA3 /* test3.png in Resources */,
				CFCA1337215A36BD00550EA3 /* test2.png in Resources */,
				CFCA1336215A36BD00550EA3 /* test1.jpeg in Resources */,
				CFCA133B215A36BD00550EA3 /* verticalImg.png in Resources */,
			);
			runOnlyForDeploymentPostprocessing = 0;
		};
/* End PBXResourcesBuildPhase section */

/* Begin PBXSourcesBuildPhase section */
		CF285DB81F0497F7003E33D4 /* Sources */ = {
			isa = PBXSourcesBuildPhase;
			buildActionMask = 2147483647;
			files = (
				CFCA134E215A36BD00550EA3 /* FixRotationViewController.m in Sources */,
				CFCA1344215A36BD00550EA3 /* UIImage+OpenCV.mm in Sources */,
				CFCA1349215A36BD00550EA3 /* SobelOperatorViewController.m in Sources */,
				CF285DC41F0497F7003E33D4 /* AppDelegate.m in Sources */,
				CFCA1348215A36BD00550EA3 /* FindCountoursViewController.m in Sources */,
				CFCA1351215A36BD00550EA3 /* RecognizeViewController.m in Sources */,
				CFCA1341215A36BD00550EA3 /* MWTapDetectingView.m in Sources */,
				CFCA134C215A36BD00550EA3 /* Learn1_1ViewController.m in Sources */,
				CFCA1343215A36BD00550EA3 /* UIView+Constriant.m in Sources */,
				CFCA134B215A36BD00550EA3 /* DrawViewController.m in Sources */,
				CFCA1346215A36BD00550EA3 /* UIImage+OpenCVUtils.mm in Sources */,
				CFCA134F215A36BD00550EA3 /* EdgeViewController.m in Sources */,
				CFCA1352215A36BD00550EA3 /* ThreshViewController.m in Sources */,
				CF285DC11F0497F7003E33D4 /* main.m in Sources */,
				CFCA1342215A36BD00550EA3 /* EditorImagePreviewController.m in Sources */,
				CFCA1350215A36BD00550EA3 /* HistogramViewController.m in Sources */,
				CFCA1345215A36BD00550EA3 /* UIImage+Utils.m in Sources */,
				CFCA1340215A36BD00550EA3 /* MWTapDetectingImageView.m in Sources */,
				CFCA133F215A36BD00550EA3 /* TDZoomingScrollView.m in Sources */,
				CFCA134D215A36BD00550EA3 /* BorderDetectionViewController.m in Sources */,
				CFCA1347215A36BD00550EA3 /* OpenCVUtils.mm in Sources */,
				CFCA134A215A36BD00550EA3 /* ScaleViewController.m in Sources */,
			);
			runOnlyForDeploymentPostprocessing = 0;
		};
/* End PBXSourcesBuildPhase section */

/* Begin PBXVariantGroup section */
		CF285DC81F0497F7003E33D4 /* Main.storyboard */ = {
			isa = PBXVariantGroup;
			children = (
				CF285DC91F0497F7003E33D4 /* Base */,
			);
			name = Main.storyboard;
			sourceTree = "<group>";
		};
		CF285DCD1F0497F7003E33D4 /* LaunchScreen.storyboard */ = {
			isa = PBXVariantGroup;
			children = (
				CF285DCE1F0497F7003E33D4 /* Base */,
			);
			name = LaunchScreen.storyboard;
			sourceTree = "<group>";
		};
/* End PBXVariantGroup section */

/* Begin XCBuildConfiguration section */
		CF285DE71F0497F7003E33D4 /* Debug */ = {
			isa = XCBuildConfiguration;
			buildSettings = {
				ALWAYS_SEARCH_USER_PATHS = NO;
				CLANG_ANALYZER_NONNULL = YES;
				CLANG_ANALYZER_NUMBER_OBJECT_CONVERSION = YES_AGGRESSIVE;
				CLANG_CXX_LANGUAGE_STANDARD = "gnu++0x";
				CLANG_CXX_LIBRARY = "libc++";
				CLANG_ENABLE_MODULES = YES;
				CLANG_ENABLE_OBJC_ARC = YES;
				CLANG_WARN_BLOCK_CAPTURE_AUTORELEASING = YES;
				CLANG_WARN_BOOL_CONVERSION = YES;
				CLANG_WARN_COMMA = YES;
				CLANG_WARN_CONSTANT_CONVERSION = YES;
				CLANG_WARN_DEPRECATED_OBJC_IMPLEMENTATIONS = YES;
				CLANG_WARN_DIRECT_OBJC_ISA_USAGE = YES_ERROR;
				CLANG_WARN_DOCUMENTATION_COMMENTS = YES;
				CLANG_WARN_EMPTY_BODY = YES;
				CLANG_WARN_ENUM_CONVERSION = YES;
				CLANG_WARN_INFINITE_RECURSION = YES;
				CLANG_WARN_INT_CONVERSION = YES;
				CLANG_WARN_NON_LITERAL_NULL_CONVERSION = YES;
				CLANG_WARN_OBJC_IMPLICIT_RETAIN_SELF = YES;
				CLANG_WARN_OBJC_LITERAL_CONVERSION = YES;
				CLANG_WARN_OBJC_ROOT_CLASS = YES_ERROR;
				CLANG_WARN_RANGE_LOOP_ANALYSIS = YES;
				CLANG_WARN_STRICT_PROTOTYPES = YES;
				CLANG_WARN_SUSPICIOUS_MOVE = YES;
				CLANG_WARN_UNREACHABLE_CODE = YES;
				CLANG_WARN__DUPLICATE_METHOD_MATCH = YES;
				"CODE_SIGN_IDENTITY[sdk=iphoneos*]" = "iPhone Developer";
				COPY_PHASE_STRIP = NO;
				DEBUG_INFORMATION_FORMAT = dwarf;
				ENABLE_BITCODE = YES;
				ENABLE_STRICT_OBJC_MSGSEND = YES;
				ENABLE_TESTABILITY = YES;
				GCC_C_LANGUAGE_STANDARD = gnu99;
				GCC_DYNAMIC_NO_PIC = NO;
				GCC_NO_COMMON_BLOCKS = YES;
				GCC_OPTIMIZATION_LEVEL = 0;
				GCC_PREPROCESSOR_DEFINITIONS = (
					"DEBUG=1",
					"$(inherited)",
				);
				GCC_WARN_64_TO_32_BIT_CONVERSION = YES;
				GCC_WARN_ABOUT_RETURN_TYPE = YES_ERROR;
				GCC_WARN_UNDECLARED_SELECTOR = YES;
				GCC_WARN_UNINITIALIZED_AUTOS = YES_AGGRESSIVE;
				GCC_WARN_UNUSED_FUNCTION = YES;
				GCC_WARN_UNUSED_VARIABLE = YES;
				IPHONEOS_DEPLOYMENT_TARGET = 10.3;
				MTL_ENABLE_DEBUG_INFO = YES;
				ONLY_ACTIVE_ARCH = YES;
				SDKROOT = iphoneos;
			};
			name = Debug;
		};
		CF285DE81F0497F7003E33D4 /* Release */ = {
			isa = XCBuildConfiguration;
			buildSettings = {
				ALWAYS_SEARCH_USER_PATHS = NO;
				CLANG_ANALYZER_NONNULL = YES;
				CLANG_ANALYZER_NUMBER_OBJECT_CONVERSION = YES_AGGRESSIVE;
				CLANG_CXX_LANGUAGE_STANDARD = "gnu++0x";
				CLANG_CXX_LIBRARY = "libc++";
				CLANG_ENABLE_MODULES = YES;
				CLANG_ENABLE_OBJC_ARC = YES;
				CLANG_WARN_BLOCK_CAPTURE_AUTORELEASING = YES;
				CLANG_WARN_BOOL_CONVERSION = YES;
				CLANG_WARN_COMMA = YES;
				CLANG_WARN_CONSTANT_CONVERSION = YES;
				CLANG_WARN_DEPRECATED_OBJC_IMPLEMENTATIONS = YES;
				CLANG_WARN_DIRECT_OBJC_ISA_USAGE = YES_ERROR;
				CLANG_WARN_DOCUMENTATION_COMMENTS = YES;
				CLANG_WARN_EMPTY_BODY = YES;
				CLANG_WARN_ENUM_CONVERSION = YES;
				CLANG_WARN_INFINITE_RECURSION = YES;
				CLANG_WARN_INT_CONVERSION = YES;
				CLANG_WARN_NON_LITERAL_NULL_CONVERSION = YES;
				CLANG_WARN_OBJC_IMPLICIT_RETAIN_SELF = YES;
				CLANG_WARN_OBJC_LITERAL_CONVERSION = YES;
				CLANG_WARN_OBJC_ROOT_CLASS = YES_ERROR;
				CLANG_WARN_RANGE_LOOP_ANALYSIS = YES;
				CLANG_WARN_STRICT_PROTOTYPES = YES;
				CLANG_WARN_SUSPICIOUS_MOVE = YES;
				CLANG_WARN_UNREACHABLE_CODE = YES;
				CLANG_WARN__DUPLICATE_METHOD_MATCH = YES;
				"CODE_SIGN_IDENTITY[sdk=iphoneos*]" = "iPhone Developer";
				COPY_PHASE_STRIP = NO;
				DEBUG_INFORMATION_FORMAT = "dwarf-with-dsym";
				ENABLE_BITCODE = YES;
				ENABLE_NS_ASSERTIONS = NO;
				ENABLE_STRICT_OBJC_MSGSEND = YES;
				GCC_C_LANGUAGE_STANDARD = gnu99;
				GCC_NO_COMMON_BLOCKS = YES;
				GCC_WARN_64_TO_32_BIT_CONVERSION = YES;
				GCC_WARN_ABOUT_RETURN_TYPE = YES_ERROR;
				GCC_WARN_UNDECLARED_SELECTOR = YES;
				GCC_WARN_UNINITIALIZED_AUTOS = YES_AGGRESSIVE;
				GCC_WARN_UNUSED_FUNCTION = YES;
				GCC_WARN_UNUSED_VARIABLE = YES;
				IPHONEOS_DEPLOYMENT_TARGET = 10.3;
				MTL_ENABLE_DEBUG_INFO = NO;
				SDKROOT = iphoneos;
				VALIDATE_PRODUCT = YES;
			};
			name = Release;
		};
		CF285DEA1F0497F7003E33D4 /* Debug */ = {
			isa = XCBuildConfiguration;
			buildSettings = {
				ASSETCATALOG_COMPILER_APPICON_NAME = AppIcon;
				DEVELOPMENT_TEAM = T5EW9858SB;
				ENABLE_BITCODE = YES;
				FRAMEWORK_SEARCH_PATHS = (
					"$(inherited)",
					"$(PROJECT_DIR)/OpenCV_iOS_Demo",
				);
				INFOPLIST_FILE = OpenCV_iOS_Demo/Info.plist;
				LD_RUNPATH_SEARCH_PATHS = "$(inherited) @executable_path/Frameworks";
				PRODUCT_BUNDLE_IDENTIFIER = "tomfriwel.com.OpenCV-iOS-Demo";
				PRODUCT_NAME = "$(TARGET_NAME)";
			};
			name = Debug;
		};
		CF285DEB1F0497F7003E33D4 /* Release */ = {
			isa = XCBuildConfiguration;
			buildSettings = {
				ASSETCATALOG_COMPILER_APPICON_NAME = AppIcon;
				DEVELOPMENT_TEAM = T5EW9858SB;
				ENABLE_BITCODE = YES;
				FRAMEWORK_SEARCH_PATHS = (
					"$(inherited)",
					"$(PROJECT_DIR)/OpenCV_iOS_Demo",
				);
				INFOPLIST_FILE = OpenCV_iOS_Demo/Info.plist;
				LD_RUNPATH_SEARCH_PATHS = "$(inherited) @executable_path/Frameworks";
				PRODUCT_BUNDLE_IDENTIFIER = "tomfriwel.com.OpenCV-iOS-Demo";
				PRODUCT_NAME = "$(TARGET_NAME)";
			};
			name = Release;
		};
/* End XCBuildConfiguration section */

/* Begin XCConfigurationList section */
		CF285DB71F0497F7003E33D4 /* Build configuration list for PBXProject "OpenCV_iOS_Demo" */ = {
			isa = XCConfigurationList;
			buildConfigurations = (
				CF285DE71F0497F7003E33D4 /* Debug */,
				CF285DE81F0497F7003E33D4 /* Release */,
			);
			defaultConfigurationIsVisible = 0;
			defaultConfigurationName = Release;
		};
		CF285DE91F0497F7003E33D4 /* Build configuration list for PBXNativeTarget "OpenCV_iOS_Demo" */ = {
			isa = XCConfigurationList;
			buildConfigurations = (
				CF285DEA1F0497F7003E33D4 /* Debug */,
				CF285DEB1F0497F7003E33D4 /* Release */,
			);
			defaultConfigurationIsVisible = 0;
			defaultConfigurationName = Release;
		};
/* End XCConfigurationList section */
	};
	rootObject = CF285DB41F0497F7003E33D4 /* Project object */;
}
