// !$*UTF8*$!
{
	archiveVersion = 1;
	classes = {
	};
	objectVersion = 46;
	objects = {

/* Begin PBXBuildFile section */
		CF285DC11F0497F7003E33D4 /* main.m in Sources */ = {isa = PBXBuildFile; fileRef = CF285DC01F0497F7003E33D4 /* main.m */; };
		CF285DC41F0497F7003E33D4 /* AppDelegate.m in Sources */ = {isa = PBXBuildFile; fileRef = CF285DC31F0497F7003E33D4 /* AppDelegate.m */; };
		CF285DCA1F0497F7003E33D4 /* Main.storyboard in Resources */ = {isa = PBXBuildFile; fileRef = CF285DC81F0497F7003E33D4 /* Main.storyboard */; };
		CF285DCC1F0497F7003E33D4 /* Assets.xcassets in Resources */ = {isa = PBXBuildFile; fileRef = CF285DCB1F0497F7003E33D4 /* Assets.xcassets */; };
		CF285DCF1F0497F7003E33D4 /* LaunchScreen.storyboard in Resources */ = {isa = PBXBuildFile; fileRef = CF285DCD1F0497F7003E33D4 /* LaunchScreen.storyboard */; };
		CF285E0B1F049AA6003E33D4 /* RecognizeViewController.m in Sources */ = {isa = PBXBuildFile; fileRef = CF285DF41F049AA6003E33D4 /* RecognizeViewController.m */; };
		CF285E0C1F049AA6003E33D4 /* Learn1_1ViewController.m in Sources */ = {isa = PBXBuildFile; fileRef = CF285DF61F049AA6003E33D4 /* Learn1_1ViewController.m */; };
		CF285E0D1F049AA6003E33D4 /* ScaleViewController.m in Sources */ = {isa = PBXBuildFile; fileRef = CF285DF81F049AA6003E33D4 /* ScaleViewController.m */; };
		CF285E0E1F049AA6003E33D4 /* BorderDetectionViewController.m in Sources */ = {isa = PBXBuildFile; fileRef = CF285DFA1F049AA6003E33D4 /* BorderDetectionViewController.m */; };
		CF285E0F1F049AA6003E33D4 /* FindCountoursViewController.m in Sources */ = {isa = PBXBuildFile; fileRef = CF285DFC1F049AA6003E33D4 /* FindCountoursViewController.m */; };
		CF285E101F049AA6003E33D4 /* DrawViewController.m in Sources */ = {isa = PBXBuildFile; fileRef = CF285DFE1F049AA6003E33D4 /* DrawViewController.m */; };
		CF285E111F049AA6003E33D4 /* SobelOperatorViewController.m in Sources */ = {isa = PBXBuildFile; fileRef = CF285E001F049AA6003E33D4 /* SobelOperatorViewController.m */; };
		CF285E121F049AA6003E33D4 /* HistogramViewController.m in Sources */ = {isa = PBXBuildFile; fileRef = CF285E021F049AA6003E33D4 /* HistogramViewController.m */; };
		CF285E151F049AA6003E33D4 /* FixRotationViewController.m in Sources */ = {isa = PBXBuildFile; fileRef = CF285E081F049AA6003E33D4 /* FixRotationViewController.m */; };
		CF285E161F049AA6003E33D4 /* ThreshViewController.m in Sources */ = {isa = PBXBuildFile; fileRef = CF285E0A1F049AA6003E33D4 /* ThreshViewController.m */; };
		CF285EB41F049BDA003E33D4 /* UIImage+OpenCVUtils.mm in Sources */ = {isa = PBXBuildFile; fileRef = CF285EAB1F049BDA003E33D4 /* UIImage+OpenCVUtils.mm */; };
		CF285EB51F049BDA003E33D4 /* UIImage+OpenCV.mm in Sources */ = {isa = PBXBuildFile; fileRef = CF285EAD1F049BDA003E33D4 /* UIImage+OpenCV.mm */; };
		CF285EB61F049BDA003E33D4 /* UIImage+Utils.m in Sources */ = {isa = PBXBuildFile; fileRef = CF285EAF1F049BDA003E33D4 /* UIImage+Utils.m */; };
		CF285EB81F049BDA003E33D4 /* OpenCVUtils.mm in Sources */ = {isa = PBXBuildFile; fileRef = CF285EB31F049BDA003E33D4 /* OpenCVUtils.mm */; };
		CF285EBE1F049F31003E33D4 /* opencv2.framework in Frameworks */ = {isa = PBXBuildFile; fileRef = CF285EBD1F049F31003E33D4 /* opencv2.framework */; };
/* End PBXBuildFile section */

/* Begin PBXFileReference section */
		CF285DBC1F0497F7003E33D4 /* OpenCV_iOS_Demo.app */ = {isa = PBXFileReference; explicitFileType = wrapper.application; includeInIndex = 0; path = OpenCV_iOS_Demo.app; sourceTree = BUILT_PRODUCTS_DIR; };
		CF285DC01F0497F7003E33D4 /* main.m */ = {isa = PBXFileReference; lastKnownFileType = sourcecode.c.objc; path = main.m; sourceTree = "<group>"; };
		CF285DC21F0497F7003E33D4 /* AppDelegate.h */ = {isa = PBXFileReference; lastKnownFileType = sourcecode.c.h; path = AppDelegate.h; sourceTree = "<group>"; };
		CF285DC31F0497F7003E33D4 /* AppDelegate.m */ = {isa = PBXFileReference; lastKnownFileType = sourcecode.c.objc; path = AppDelegate.m; sourceTree = "<group>"; };
		CF285DC91F0497F7003E33D4 /* Base */ = {isa = PBXFileReference; lastKnownFileType = file.storyboard; name = Base; path = Base.lproj/Main.storyboard; sourceTree = "<group>"; };
		CF285DCB1F0497F7003E33D4 /* Assets.xcassets */ = {isa = PBXFileReference; lastKnownFileType = folder.assetcatalog; path = Assets.xcassets; sourceTree = "<group>"; };
		CF285DCE1F0497F7003E33D4 /* Base */ = {isa = PBXFileReference; lastKnownFileType = file.storyboard; name = Base; path = Base.lproj/LaunchScreen.storyboard; sourceTree = "<group>"; };
		CF285DD01F0497F7003E33D4 /* Info.plist */ = {isa = PBXFileReference; lastKnownFileType = text.plist.xml; path = Info.plist; sourceTree = "<group>"; };
		CF285DF31F049AA6003E33D4 /* RecognizeViewController.h */ = {isa = PBXFileReference; fileEncoding = 4; lastKnownFileType = sourcecode.c.h; path = RecognizeViewController.h; sourceTree = "<group>"; };
		CF285DF41F049AA6003E33D4 /* RecognizeViewController.m */ = {isa = PBXFileReference; explicitFileType = sourcecode.cpp.objcpp; fileEncoding = 4; path = RecognizeViewController.m; sourceTree = "<group>"; };
		CF285DF51F049AA6003E33D4 /* Learn1_1ViewController.h */ = {isa = PBXFileReference; fileEncoding = 4; lastKnownFileType = sourcecode.c.h; path = Learn1_1ViewController.h; sourceTree = "<group>"; };
		CF285DF61F049AA6003E33D4 /* Learn1_1ViewController.m */ = {isa = PBXFileReference; explicitFileType = sourcecode.cpp.objcpp; fileEncoding = 4; path = Learn1_1ViewController.m; sourceTree = "<group>"; };
		CF285DF71F049AA6003E33D4 /* ScaleViewController.h */ = {isa = PBXFileReference; fileEncoding = 4; lastKnownFileType = sourcecode.c.h; path = ScaleViewController.h; sourceTree = "<group>"; };
		CF285DF81F049AA6003E33D4 /* ScaleViewController.m */ = {isa = PBXFileReference; explicitFileType = sourcecode.cpp.objcpp; fileEncoding = 4; path = ScaleViewController.m; sourceTree = "<group>"; };
		CF285DF91F049AA6003E33D4 /* BorderDetectionViewController.h */ = {isa = PBXFileReference; fileEncoding = 4; lastKnownFileType = sourcecode.c.h; path = BorderDetectionViewController.h; sourceTree = "<group>"; };
		CF285DFA1F049AA6003E33D4 /* BorderDetectionViewController.m */ = {isa = PBXFileReference; explicitFileType = sourcecode.cpp.objcpp; fileEncoding = 4; path = BorderDetectionViewController.m; sourceTree = "<group>"; };
		CF285DFB1F049AA6003E33D4 /* FindCountoursViewController.h */ = {isa = PBXFileReference; fileEncoding = 4; lastKnownFileType = sourcecode.c.h; path = FindCountoursViewController.h; sourceTree = "<group>"; };
		CF285DFC1F049AA6003E33D4 /* FindCountoursViewController.m */ = {isa = PBXFileReference; explicitFileType = sourcecode.cpp.objcpp; fileEncoding = 4; path = FindCountoursViewController.m; sourceTree = "<group>"; };
		CF285DFD1F049AA6003E33D4 /* DrawViewController.h */ = {isa = PBXFileReference; fileEncoding = 4; lastKnownFileType = sourcecode.c.h; path = DrawViewController.h; sourceTree = "<group>"; };
		CF285DFE1F049AA6003E33D4 /* DrawViewController.m */ = {isa = PBXFileReference; explicitFileType = sourcecode.cpp.objcpp; fileEncoding = 4; path = DrawViewController.m; sourceTree = "<group>"; };
		CF285DFF1F049AA6003E33D4 /* SobelOperatorViewController.h */ = {isa = PBXFileReference; fileEncoding = 4; lastKnownFileType = sourcecode.c.h; path = SobelOperatorViewController.h; sourceTree = "<group>"; };
		CF285E001F049AA6003E33D4 /* SobelOperatorViewController.m */ = {isa = PBXFileReference; explicitFileType = sourcecode.cpp.objcpp; fileEncoding = 4; path = SobelOperatorViewController.m; sourceTree = "<group>"; };
		CF285E011F049AA6003E33D4 /* HistogramViewController.h */ = {isa = PBXFileReference; fileEncoding = 4; lastKnownFileType = sourcecode.c.h; path = HistogramViewController.h; sourceTree = "<group>"; };
		CF285E021F049AA6003E33D4 /* HistogramViewController.m */ = {isa = PBXFileReference; explicitFileType = sourcecode.cpp.objcpp; fileEncoding = 4; path = HistogramViewController.m; sourceTree = "<group>"; };
		CF285E071F049AA6003E33D4 /* FixRotationViewController.h */ = {isa = PBXFileReference; fileEncoding = 4; lastKnownFileType = sourcecode.c.h; path = FixRotationViewController.h; sourceTree = "<group>"; };
		CF285E081F049AA6003E33D4 /* FixRotationViewController.m */ = {isa = PBXFileReference; explicitFileType = sourcecode.cpp.objcpp; fileEncoding = 4; path = FixRotationViewController.m; sourceTree = "<group>"; };
		CF285E091F049AA6003E33D4 /* ThreshViewController.h */ = {isa = PBXFileReference; fileEncoding = 4; lastKnownFileType = sourcecode.c.h; path = ThreshViewController.h; sourceTree = "<group>"; };
		CF285E0A1F049AA6003E33D4 /* ThreshViewController.m */ = {isa = PBXFileReference; explicitFileType = sourcecode.cpp.objcpp; fileEncoding = 4; path = ThreshViewController.m; sourceTree = "<group>"; };
		CF285EAA1F049BDA003E33D4 /* UIImage+OpenCVUtils.h */ = {isa = PBXFileReference; fileEncoding = 4; lastKnownFileType = sourcecode.c.h; path = "UIImage+OpenCVUtils.h"; sourceTree = "<group>"; };
		CF285EAB1F049BDA003E33D4 /* UIImage+OpenCVUtils.mm */ = {isa = PBXFileReference; fileEncoding = 4; lastKnownFileType = sourcecode.cpp.objcpp; path = "UIImage+OpenCVUtils.mm"; sourceTree = "<group>"; };
		CF285EAC1F049BDA003E33D4 /* UIImage+OpenCV.h */ = {isa = PBXFileReference; fileEncoding = 4; lastKnownFileType = sourcecode.c.h; path = "UIImage+OpenCV.h"; sourceTree = "<group>"; };
		CF285EAD1F049BDA003E33D4 /* UIImage+OpenCV.mm */ = {isa = PBXFileReference; fileEncoding = 4; lastKnownFileType = sourcecode.cpp.objcpp; path = "UIImage+OpenCV.mm"; sourceTree = "<group>"; };
		CF285EAE1F049BDA003E33D4 /* UIImage+Utils.h */ = {isa = PBXFileReference; fileEncoding = 4; lastKnownFileType = sourcecode.c.h; path = "UIImage+Utils.h"; sourceTree = "<group>"; };
		CF285EAF1F049BDA003E33D4 /* UIImage+Utils.m */ = {isa = PBXFileReference; fileEncoding = 4; lastKnownFileType = sourcecode.c.objc; path = "UIImage+Utils.m"; sourceTree = "<group>"; };
		CF285EB21F049BDA003E33D4 /* OpenCVUtils.h */ = {isa = PBXFileReference; fileEncoding = 4; lastKnownFileType = sourcecode.c.h; path = OpenCVUtils.h; sourceTree = "<group>"; };
		CF285EB31F049BDA003E33D4 /* OpenCVUtils.mm */ = {isa = PBXFileReference; fileEncoding = 4; lastKnownFileType = sourcecode.cpp.objcpp; path = OpenCVUtils.mm; sourceTree = "<group>"; };
		CF285EBD1F049F31003E33D4 /* opencv2.framework */ = {isa = PBXFileReference; lastKnownFileType = wrapper.framework; path = opencv2.framework; sourceTree = "<group>"; };
/* End PBXFileReference section */

/* Begin PBXFrameworksBuildPhase section */
		CF285DB91F0497F7003E33D4 /* Frameworks */ = {
			isa = PBXFrameworksBuildPhase;
			buildActionMask = 2147483647;
			files = (
				CF285EBE1F049F31003E33D4 /* opencv2.framework in Frameworks */,
			);
			runOnlyForDeploymentPostprocessing = 0;
		};
/* End PBXFrameworksBuildPhase section */

/* Begin PBXGroup section */
		CF285DB31F0497F7003E33D4 = {
			isa = PBXGroup;
			children = (
				CF285DBE1F0497F7003E33D4 /* OpenCV_iOS_Demo */,
				CF285DBD1F0497F7003E33D4 /* Products */,
			);
			sourceTree = "<group>";
		};
		CF285DBD1F0497F7003E33D4 /* Products */ = {
			isa = PBXGroup;
			children = (
				CF285DBC1F0497F7003E33D4 /* OpenCV_iOS_Demo.app */,
			);
			name = Products;
			sourceTree = "<group>";
		};
		CF285DBE1F0497F7003E33D4 /* OpenCV_iOS_Demo */ = {
			isa = PBXGroup;
			children = (
				CF285EBD1F049F31003E33D4 /* opencv2.framework */,
				CF285EA91F049BC8003E33D4 /* Utils */,
				CF285DF21F049A9D003E33D4 /* Controllers */,
				CF285DC21F0497F7003E33D4 /* AppDelegate.h */,
				CF285DC31F0497F7003E33D4 /* AppDelegate.m */,
				CF285DC81F0497F7003E33D4 /* Main.storyboard */,
				CF285DCB1F0497F7003E33D4 /* Assets.xcassets */,
				CF285DCD1F0497F7003E33D4 /* LaunchScreen.storyboard */,
				CF285DD01F0497F7003E33D4 /* Info.plist */,
				CF285DBF1F0497F7003E33D4 /* Supporting Files */,
			);
			path = OpenCV_iOS_Demo;
			sourceTree = "<group>";
		};
		CF285DBF1F0497F7003E33D4 /* Supporting Files */ = {
			isa = PBXGroup;
			children = (
				CF285DC01F0497F7003E33D4 /* main.m */,
			);
			name = "Supporting Files";
			sourceTree = "<group>";
		};
		CF285DF21F049A9D003E33D4 /* Controllers */ = {
			isa = PBXGroup;
			children = (
				CF285DF31F049AA6003E33D4 /* RecognizeViewController.h */,
				CF285DF41F049AA6003E33D4 /* RecognizeViewController.m */,
				CF285DF51F049AA6003E33D4 /* Learn1_1ViewController.h */,
				CF285DF61F049AA6003E33D4 /* Learn1_1ViewController.m */,
				CF285DF71F049AA6003E33D4 /* ScaleViewController.h */,
				CF285DF81F049AA6003E33D4 /* ScaleViewController.m */,
				CF285DF91F049AA6003E33D4 /* BorderDetectionViewController.h */,
				CF285DFA1F049AA6003E33D4 /* BorderDetectionViewController.m */,
				CF285DFB1F049AA6003E33D4 /* FindCountoursViewController.h */,
				CF285DFC1F049AA6003E33D4 /* FindCountoursViewController.m */,
				CF285DFD1F049AA6003E33D4 /* DrawViewController.h */,
				CF285DFE1F049AA6003E33D4 /* DrawViewController.m */,
				CF285DFF1F049AA6003E33D4 /* SobelOperatorViewController.h */,
				CF285E001F049AA6003E33D4 /* SobelOperatorViewController.m */,
				CF285E011F049AA6003E33D4 /* HistogramViewController.h */,
				CF285E021F049AA6003E33D4 /* HistogramViewController.m */,
				CF285E071F049AA6003E33D4 /* FixRotationViewController.h */,
				CF285E081F049AA6003E33D4 /* FixRotationViewController.m */,
				CF285E091F049AA6003E33D4 /* ThreshViewController.h */,
				CF285E0A1F049AA6003E33D4 /* ThreshViewController.m */,
			);
			name = Controllers;
			sourceTree = "<group>";
		};
		CF285EA91F049BC8003E33D4 /* Utils */ = {
			isa = PBXGroup;
			children = (
				CF285EAA1F049BDA003E33D4 /* UIImage+OpenCVUtils.h */,
				CF285EAB1F049BDA003E33D4 /* UIImage+OpenCVUtils.mm */,
				CF285EAC1F049BDA003E33D4 /* UIImage+OpenCV.h */,
				CF285EAD1F049BDA003E33D4 /* UIImage+OpenCV.mm */,
				CF285EAE1F049BDA003E33D4 /* UIImage+Utils.h */,
				CF285EAF1F049BDA003E33D4 /* UIImage+Utils.m */,
				CF285EB21F049BDA003E33D4 /* OpenCVUtils.h */,
				CF285EB31F049BDA003E33D4 /* OpenCVUtils.mm */,
			);
			name = Utils;
			sourceTree = "<group>";
		};
/* End PBXGroup section */

/* Begin PBXNativeTarget section */
		CF285DBB1F0497F7003E33D4 /* OpenCV_iOS_Demo */ = {
			isa = PBXNativeTarget;
			buildConfigurationList = CF285DE91F0497F7003E33D4 /* Build configuration list for PBXNativeTarget "OpenCV_iOS_Demo" */;
			buildPhases = (
				CF285DB81F0497F7003E33D4 /* Sources */,
				CF285DB91F0497F7003E33D4 /* Frameworks */,
				CF285DBA1F0497F7003E33D4 /* Resources */,
			);
			buildRules = (
			);
			dependencies = (
			);
			name = OpenCV_iOS_Demo;
			productName = OpenCV_iOS_Demo;
			productReference = CF285DBC1F0497F7003E33D4 /* OpenCV_iOS_Demo.app */;
			productType = "com.apple.product-type.application";
		};
/* End PBXNativeTarget section */

/* Begin PBXProject section */
		CF285DB41F0497F7003E33D4 /* Project object */ = {
			isa = PBXProject;
			attributes = {
				LastUpgradeCheck = 0830;
				ORGANIZATIONNAME = tomfriwel;
				TargetAttributes = {
					CF285DBB1F0497F7003E33D4 = {
						CreatedOnToolsVersion = 8.3.2;
						DevelopmentTeam = T5EW9858SB;
						ProvisioningStyle = Automatic;
					};
				};
			};
			buildConfigurationList = CF285DB71F0497F7003E33D4 /* Build configuration list for PBXProject "OpenCV_iOS_Demo" */;
			compatibilityVersion = "Xcode 3.2";
			developmentRegion = English;
			hasScannedForEncodings = 0;
			knownRegions = (
				en,
				Base,
			);
			mainGroup = CF285DB31F0497F7003E33D4;
			productRefGroup = CF285DBD1F0497F7003E33D4 /* Products */;
			projectDirPath = "";
			projectRoot = "";
			targets = (
				CF285DBB1F0497F7003E33D4 /* OpenCV_iOS_Demo */,
			);
		};
/* End PBXProject section */

/* Begin PBXResourcesBuildPhase section */
		CF285DBA1F0497F7003E33D4 /* Resources */ = {
			isa = PBXResourcesBuildPhase;
			buildActionMask = 2147483647;
			files = (
				CF285DCF1F0497F7003E33D4 /* LaunchScreen.storyboard in Resources */,
				CF285DCC1F0497F7003E33D4 /* Assets.xcassets in Resources */,
				CF285DCA1F0497F7003E33D4 /* Main.storyboard in Resources */,
			);
			runOnlyForDeploymentPostprocessing = 0;
		};
/* End PBXResourcesBuildPhase section */

/* Begin PBXSourcesBuildPhase section */
		CF285DB81F0497F7003E33D4 /* Sources */ = {
			isa = PBXSourcesBuildPhase;
			buildActionMask = 2147483647;
			files = (
				CF285E151F049AA6003E33D4 /* FixRotationViewController.m in Sources */,
				CF285DC41F0497F7003E33D4 /* AppDelegate.m in Sources */,
				CF285E0D1F049AA6003E33D4 /* ScaleViewController.m in Sources */,
				CF285E0C1F049AA6003E33D4 /* Learn1_1ViewController.m in Sources */,
				CF285EB51F049BDA003E33D4 /* UIImage+OpenCV.mm in Sources */,
				CF285EB41F049BDA003E33D4 /* UIImage+OpenCVUtils.mm in Sources */,
				CF285E121F049AA6003E33D4 /* HistogramViewController.m in Sources */,
				CF285EB81F049BDA003E33D4 /* OpenCVUtils.mm in Sources */,
				CF285DC11F0497F7003E33D4 /* main.m in Sources */,
				CF285E101F049AA6003E33D4 /* DrawViewController.m in Sources */,
				CF285EB61F049BDA003E33D4 /* UIImage+Utils.m in Sources */,
				CF285E0F1F049AA6003E33D4 /* FindCountoursViewController.m in Sources */,
				CF285E161F049AA6003E33D4 /* ThreshViewController.m in Sources */,
				CF285E0E1F049AA6003E33D4 /* BorderDetectionViewController.m in Sources */,
				CF285E111F049AA6003E33D4 /* SobelOperatorViewController.m in Sources */,
				CF285E0B1F049AA6003E33D4 /* RecognizeViewController.m in Sources */,
			);
			runOnlyForDeploymentPostprocessing = 0;
		};
/* End PBXSourcesBuildPhase section */

/* Begin PBXVariantGroup section */
		CF285DC81F0497F7003E33D4 /* Main.storyboard */ = {
			isa = PBXVariantGroup;
			children = (
				CF285DC91F0497F7003E33D4 /* Base */,
			);
			name = Main.storyboard;
			sourceTree = "<group>";
		};
		CF285DCD1F0497F7003E33D4 /* LaunchScreen.storyboard */ = {
			isa = PBXVariantGroup;
			children = (
				CF285DCE1F0497F7003E33D4 /* Base */,
			);
			name = LaunchScreen.storyboard;
			sourceTree = "<group>";
		};
/* End PBXVariantGroup section */

/* Begin XCBuildConfiguration section */
		CF285DE71F0497F7003E33D4 /* Debug */ = {
			isa = XCBuildConfiguration;
			buildSettings = {
				ALWAYS_SEARCH_USER_PATHS = NO;
				CLANG_ANALYZER_NONNULL = YES;
				CLANG_ANALYZER_NUMBER_OBJECT_CONVERSION = YES_AGGRESSIVE;
				CLANG_CXX_LANGUAGE_STANDARD = "gnu++0x";
				CLANG_CXX_LIBRARY = "libc++";
				CLANG_ENABLE_MODULES = YES;
				CLANG_ENABLE_OBJC_ARC = YES;
				CLANG_WARN_BOOL_CONVERSION = YES;
				CLANG_WARN_CONSTANT_CONVERSION = YES;
				CLANG_WARN_DIRECT_OBJC_ISA_USAGE = YES_ERROR;
				CLANG_WARN_DOCUMENTATION_COMMENTS = YES;
				CLANG_WARN_EMPTY_BODY = YES;
				CLANG_WARN_ENUM_CONVERSION = YES;
				CLANG_WARN_INFINITE_RECURSION = YES;
				CLANG_WARN_INT_CONVERSION = YES;
				CLANG_WARN_OBJC_ROOT_CLASS = YES_ERROR;
				CLANG_WARN_SUSPICIOUS_MOVE = YES;
				CLANG_WARN_UNREACHABLE_CODE = YES;
				CLANG_WARN__DUPLICATE_METHOD_MATCH = YES;
				"CODE_SIGN_IDENTITY[sdk=iphoneos*]" = "iPhone Developer";
				COPY_PHASE_STRIP = NO;
				DEBUG_INFORMATION_FORMAT = dwarf;
				ENABLE_BITCODE = YES;
				ENABLE_STRICT_OBJC_MSGSEND = YES;
				ENABLE_TESTABILITY = YES;
				GCC_C_LANGUAGE_STANDARD = gnu99;
				GCC_DYNAMIC_NO_PIC = NO;
				GCC_NO_COMMON_BLOCKS = YES;
				GCC_OPTIMIZATION_LEVEL = 0;
				GCC_PREPROCESSOR_DEFINITIONS = (
					"DEBUG=1",
					"$(inherited)",
				);
				GCC_WARN_64_TO_32_BIT_CONVERSION = YES;
				GCC_WARN_ABOUT_RETURN_TYPE = YES_ERROR;
				GCC_WARN_UNDECLARED_SELECTOR = YES;
				GCC_WARN_UNINITIALIZED_AUTOS = YES_AGGRESSIVE;
				GCC_WARN_UNUSED_FUNCTION = YES;
				GCC_WARN_UNUSED_VARIABLE = YES;
				IPHONEOS_DEPLOYMENT_TARGET = 10.3;
				MTL_ENABLE_DEBUG_INFO = YES;
				ONLY_ACTIVE_ARCH = YES;
				SDKROOT = iphoneos;
			};
			name = Debug;
		};
		CF285DE81F0497F7003E33D4 /* Release */ = {
			isa = XCBuildConfiguration;
			buildSettings = {
				ALWAYS_SEARCH_USER_PATHS = NO;
				CLANG_ANALYZER_NONNULL = YES;
				CLANG_ANALYZER_NUMBER_OBJECT_CONVERSION = YES_AGGRESSIVE;
				CLANG_CXX_LANGUAGE_STANDARD = "gnu++0x";
				CLANG_CXX_LIBRARY = "libc++";
				CLANG_ENABLE_MODULES = YES;
				CLANG_ENABLE_OBJC_ARC = YES;
				CLANG_WARN_BOOL_CONVERSION = YES;
				CLANG_WARN_CONSTANT_CONVERSION = YES;
				CLANG_WARN_DIRECT_OBJC_ISA_USAGE = YES_ERROR;
				CLANG_WARN_DOCUMENTATION_COMMENTS = YES;
				CLANG_WARN_EMPTY_BODY = YES;
				CLANG_WARN_ENUM_CONVERSION = YES;
				CLANG_WARN_INFINITE_RECURSION = YES;
				CLANG_WARN_INT_CONVERSION = YES;
				CLANG_WARN_OBJC_ROOT_CLASS = YES_ERROR;
				CLANG_WARN_SUSPICIOUS_MOVE = YES;
				CLANG_WARN_UNREACHABLE_CODE = YES;
				CLANG_WARN__DUPLICATE_METHOD_MATCH = YES;
				"CODE_SIGN_IDENTITY[sdk=iphoneos*]" = "iPhone Developer";
				COPY_PHASE_STRIP = NO;
				DEBUG_INFORMATION_FORMAT = "dwarf-with-dsym";
				ENABLE_BITCODE = YES;
				ENABLE_NS_ASSERTIONS = NO;
				ENABLE_STRICT_OBJC_MSGSEND = YES;
				GCC_C_LANGUAGE_STANDARD = gnu99;
				GCC_NO_COMMON_BLOCKS = YES;
				GCC_WARN_64_TO_32_BIT_CONVERSION = YES;
				GCC_WARN_ABOUT_RETURN_TYPE = YES_ERROR;
				GCC_WARN_UNDECLARED_SELECTOR = YES;
				GCC_WARN_UNINITIALIZED_AUTOS = YES_AGGRESSIVE;
				GCC_WARN_UNUSED_FUNCTION = YES;
				GCC_WARN_UNUSED_VARIABLE = YES;
				IPHONEOS_DEPLOYMENT_TARGET = 10.3;
				MTL_ENABLE_DEBUG_INFO = NO;
				SDKROOT = iphoneos;
				VALIDATE_PRODUCT = YES;
			};
			name = Release;
		};
		CF285DEA1F0497F7003E33D4 /* Debug */ = {
			isa = XCBuildConfiguration;
			buildSettings = {
				ASSETCATALOG_COMPILER_APPICON_NAME = AppIcon;
				DEVELOPMENT_TEAM = T5EW9858SB;
				ENABLE_BITCODE = YES;
				FRAMEWORK_SEARCH_PATHS = (
					"$(inherited)",
					"$(PROJECT_DIR)/OpenCV_iOS_Demo/TestOpenCV",
					"$(PROJECT_DIR)/OpenCV_iOS_Demo",
				);
				INFOPLIST_FILE = OpenCV_iOS_Demo/Info.plist;
				LD_RUNPATH_SEARCH_PATHS = "$(inherited) @executable_path/Frameworks";
				PRODUCT_BUNDLE_IDENTIFIER = "tomfriwel.com.OpenCV-iOS-Demo";
				PRODUCT_NAME = "$(TARGET_NAME)";
			};
			name = Debug;
		};
		CF285DEB1F0497F7003E33D4 /* Release */ = {
			isa = XCBuildConfiguration;
			buildSettings = {
				ASSETCATALOG_COMPILER_APPICON_NAME = AppIcon;
				DEVELOPMENT_TEAM = T5EW9858SB;
				ENABLE_BITCODE = YES;
				FRAMEWORK_SEARCH_PATHS = (
					"$(inherited)",
					"$(PROJECT_DIR)/OpenCV_iOS_Demo/TestOpenCV",
					"$(PROJECT_DIR)/OpenCV_iOS_Demo",
				);
				INFOPLIST_FILE = OpenCV_iOS_Demo/Info.plist;
				LD_RUNPATH_SEARCH_PATHS = "$(inherited) @executable_path/Frameworks";
				PRODUCT_BUNDLE_IDENTIFIER = "tomfriwel.com.OpenCV-iOS-Demo";
				PRODUCT_NAME = "$(TARGET_NAME)";
			};
			name = Release;
		};
/* End XCBuildConfiguration section */

/* Begin XCConfigurationList section */
		CF285DB71F0497F7003E33D4 /* Build configuration list for PBXProject "OpenCV_iOS_Demo" */ = {
			isa = XCConfigurationList;
			buildConfigurations = (
				CF285DE71F0497F7003E33D4 /* Debug */,
				CF285DE81F0497F7003E33D4 /* Release */,
			);
			defaultConfigurationIsVisible = 0;
			defaultConfigurationName = Release;
		};
		CF285DE91F0497F7003E33D4 /* Build configuration list for PBXNativeTarget "OpenCV_iOS_Demo" */ = {
			isa = XCConfigurationList;
			buildConfigurations = (
				CF285DEA1F0497F7003E33D4 /* Debug */,
				CF285DEB1F0497F7003E33D4 /* Release */,
			);
			defaultConfigurationIsVisible = 0;
			defaultConfigurationName = Release;
		};
/* End XCConfigurationList section */
	};
	rootObject = CF285DB41F0497F7003E33D4 /* Project object */;
}
